// !$*UTF8*$!
{
	archiveVersion = 1;
	classes = {
	};
	objectVersion = 50;
	objects = {

/* Begin PBXBuildFile section */
		8511D9A324D6EF93007EBC49 /* AppIcon.xcassets in Resources */ = {isa = PBXBuildFile; fileRef = 8511D9A224D6EF93007EBC49 /* AppIcon.xcassets */; };
		8511D9A724D6FE47007EBC49 /* Model.swift in Sources */ = {isa = PBXBuildFile; fileRef = 8511D9A624D6FE47007EBC49 /* Model.swift */; };
		8511D9A824D6FE5D007EBC49 /* Model.swift in Sources */ = {isa = PBXBuildFile; fileRef = 8511D9A624D6FE47007EBC49 /* Model.swift */; };
		858A945724AAA32A00E7AE55 /* AppDelegate.swift in Sources */ = {isa = PBXBuildFile; fileRef = 858A945624AAA32A00E7AE55 /* AppDelegate.swift */; };
		858A945924AAA32A00E7AE55 /* SceneDelegate.swift in Sources */ = {isa = PBXBuildFile; fileRef = 858A945824AAA32A00E7AE55 /* SceneDelegate.swift */; };
		858A945B24AAA32A00E7AE55 /* ContentView.swift in Sources */ = {isa = PBXBuildFile; fileRef = 858A945A24AAA32A00E7AE55 /* ContentView.swift */; };
		858A945D24AAA32D00E7AE55 /* Assets.xcassets in Resources */ = {isa = PBXBuildFile; fileRef = 858A945C24AAA32D00E7AE55 /* Assets.xcassets */; };
		858A946024AAA32D00E7AE55 /* Preview Assets.xcassets in Resources */ = {isa = PBXBuildFile; fileRef = 858A945F24AAA32D00E7AE55 /* Preview Assets.xcassets */; };
		858A946324AAA32D00E7AE55 /* LaunchScreen.storyboard in Resources */ = {isa = PBXBuildFile; fileRef = 858A946124AAA32D00E7AE55 /* LaunchScreen.storyboard */; };
		858A947124AD6AA200E7AE55 /* Media.xcassets in Resources */ = {isa = PBXBuildFile; fileRef = 858A947024AD6AA200E7AE55 /* Media.xcassets */; };
		858A947924AD6AA200E7AE55 /* OpenInAction.appex in Embed App Extensions */ = {isa = PBXBuildFile; fileRef = 858A946E24AD6AA200E7AE55 /* OpenInAction.appex */; settings = {ATTRIBUTES = (RemoveHeadersOnCopy, ); }; };
		858A948224AD78C000E7AE55 /* ActionInterface.storyboard in Resources */ = {isa = PBXBuildFile; fileRef = 858A948124AD78C000E7AE55 /* ActionInterface.storyboard */; };
		858A948524AD7B4C00E7AE55 /* AboutView.swift in Sources */ = {isa = PBXBuildFile; fileRef = 858A948424AD7B4C00E7AE55 /* AboutView.swift */; };
		858A948724AD7B8700E7AE55 /* SplURLContainerView.swift in Sources */ = {isa = PBXBuildFile; fileRef = 858A948624AD7B8700E7AE55 /* SplURLContainerView.swift */; };
		858A948A24AD955C00E7AE55 /* HostController.swift in Sources */ = {isa = PBXBuildFile; fileRef = 858A948924AD955C00E7AE55 /* HostController.swift */; };
		85A3F1A82722285800EDE250 /* WelcomeManager.swift in Sources */ = {isa = PBXBuildFile; fileRef = 85A3F1A72722285800EDE250 /* WelcomeManager.swift */; };
		85A3F1AA2722290B00EDE250 /* WelcomeView.swift in Sources */ = {isa = PBXBuildFile; fileRef = 85A3F1A92722290B00EDE250 /* WelcomeView.swift */; };
		85A3F1AE2722296A00EDE250 /* WelcomeManager.swift in Sources */ = {isa = PBXBuildFile; fileRef = 85A3F1A72722285800EDE250 /* WelcomeManager.swift */; };
		85A3F1AF27222A1900EDE250 /* SplURLContainerView.swift in Sources */ = {isa = PBXBuildFile; fileRef = 858A948624AD7B8700E7AE55 /* SplURLContainerView.swift */; };
/* End PBXBuildFile section */

/* Begin PBXContainerItemProxy section */
		858A947724AD6AA200E7AE55 /* PBXContainerItemProxy */ = {
			isa = PBXContainerItemProxy;
			containerPortal = 858A944B24AAA32900E7AE55 /* Project object */;
			proxyType = 1;
			remoteGlobalIDString = 858A946D24AD6AA200E7AE55;
			remoteInfo = OpenInAction;
		};
/* End PBXContainerItemProxy section */

/* Begin PBXCopyFilesBuildPhase section */
		858A947D24AD6AA200E7AE55 /* Embed App Extensions */ = {
			isa = PBXCopyFilesBuildPhase;
			buildActionMask = 2147483647;
			dstPath = "";
			dstSubfolderSpec = 13;
			files = (
				858A947924AD6AA200E7AE55 /* OpenInAction.appex in Embed App Extensions */,
			);
			name = "Embed App Extensions";
			runOnlyForDeploymentPostprocessing = 0;
		};
/* End PBXCopyFilesBuildPhase section */

/* Begin PBXFileReference section */
		8511D9A224D6EF93007EBC49 /* AppIcon.xcassets */ = {isa = PBXFileReference; lastKnownFileType = folder.assetcatalog; path = AppIcon.xcassets; sourceTree = "<group>"; };
		8511D9A624D6FE47007EBC49 /* Model.swift */ = {isa = PBXFileReference; lastKnownFileType = sourcecode.swift; path = Model.swift; sourceTree = "<group>"; };
		858A945324AAA32A00E7AE55 /* SplURL.app */ = {isa = PBXFileReference; explicitFileType = wrapper.application; includeInIndex = 0; path = SplURL.app; sourceTree = BUILT_PRODUCTS_DIR; };
		858A945624AAA32A00E7AE55 /* AppDelegate.swift */ = {isa = PBXFileReference; lastKnownFileType = sourcecode.swift; path = AppDelegate.swift; sourceTree = "<group>"; };
		858A945824AAA32A00E7AE55 /* SceneDelegate.swift */ = {isa = PBXFileReference; lastKnownFileType = sourcecode.swift; path = SceneDelegate.swift; sourceTree = "<group>"; };
		858A945A24AAA32A00E7AE55 /* ContentView.swift */ = {isa = PBXFileReference; lastKnownFileType = sourcecode.swift; path = ContentView.swift; sourceTree = "<group>"; };
		858A945C24AAA32D00E7AE55 /* Assets.xcassets */ = {isa = PBXFileReference; lastKnownFileType = folder.assetcatalog; path = Assets.xcassets; sourceTree = "<group>"; };
		858A945F24AAA32D00E7AE55 /* Preview Assets.xcassets */ = {isa = PBXFileReference; lastKnownFileType = folder.assetcatalog; path = "Preview Assets.xcassets"; sourceTree = "<group>"; };
		858A946224AAA32D00E7AE55 /* Base */ = {isa = PBXFileReference; lastKnownFileType = file.storyboard; name = Base; path = Base.lproj/LaunchScreen.storyboard; sourceTree = "<group>"; };
		858A946424AAA32D00E7AE55 /* Info.plist */ = {isa = PBXFileReference; lastKnownFileType = text.plist.xml; path = Info.plist; sourceTree = "<group>"; };
		858A946E24AD6AA200E7AE55 /* OpenInAction.appex */ = {isa = PBXFileReference; explicitFileType = "wrapper.app-extension"; includeInIndex = 0; path = OpenInAction.appex; sourceTree = BUILT_PRODUCTS_DIR; };
		858A947024AD6AA200E7AE55 /* Media.xcassets */ = {isa = PBXFileReference; lastKnownFileType = folder.assetcatalog; path = Media.xcassets; sourceTree = "<group>"; };
		858A947624AD6AA200E7AE55 /* Info.plist */ = {isa = PBXFileReference; lastKnownFileType = text.plist.xml; path = Info.plist; sourceTree = "<group>"; };
		858A948124AD78C000E7AE55 /* ActionInterface.storyboard */ = {isa = PBXFileReference; lastKnownFileType = file.storyboard; path = ActionInterface.storyboard; sourceTree = "<group>"; };
		858A948424AD7B4C00E7AE55 /* AboutView.swift */ = {isa = PBXFileReference; lastKnownFileType = sourcecode.swift; path = AboutView.swift; sourceTree = "<group>"; };
		858A948624AD7B8700E7AE55 /* SplURLContainerView.swift */ = {isa = PBXFileReference; lastKnownFileType = sourcecode.swift; path = SplURLContainerView.swift; sourceTree = "<group>"; };
		858A948924AD955C00E7AE55 /* HostController.swift */ = {isa = PBXFileReference; lastKnownFileType = sourcecode.swift; path = HostController.swift; sourceTree = "<group>"; };
		85A3F1A72722285800EDE250 /* WelcomeManager.swift */ = {isa = PBXFileReference; lastKnownFileType = sourcecode.swift; path = WelcomeManager.swift; sourceTree = "<group>"; };
		85A3F1A92722290B00EDE250 /* WelcomeView.swift */ = {isa = PBXFileReference; lastKnownFileType = sourcecode.swift; path = WelcomeView.swift; sourceTree = "<group>"; };
/* End PBXFileReference section */

/* Begin PBXFrameworksBuildPhase section */
		858A945024AAA32A00E7AE55 /* Frameworks */ = {
			isa = PBXFrameworksBuildPhase;
			buildActionMask = 2147483647;
			files = (
			);
			runOnlyForDeploymentPostprocessing = 0;
		};
		858A946B24AD6AA200E7AE55 /* Frameworks */ = {
			isa = PBXFrameworksBuildPhase;
			buildActionMask = 2147483647;
			files = (
			);
			runOnlyForDeploymentPostprocessing = 0;
		};
/* End PBXFrameworksBuildPhase section */

/* Begin PBXGroup section */
		858A944A24AAA32900E7AE55 = {
			isa = PBXGroup;
			children = (
				858A945524AAA32A00E7AE55 /* SplURL */,
				858A946F24AD6AA200E7AE55 /* OpenInAction */,
				858A945424AAA32A00E7AE55 /* Products */,
			);
			sourceTree = "<group>";
		};
		858A945424AAA32A00E7AE55 /* Products */ = {
			isa = PBXGroup;
			children = (
				858A945324AAA32A00E7AE55 /* SplURL.app */,
				858A946E24AD6AA200E7AE55 /* OpenInAction.appex */,
			);
			name = Products;
			sourceTree = "<group>";
		};
		858A945524AAA32A00E7AE55 /* SplURL */ = {
			isa = PBXGroup;
			children = (
				85A3F1AC2722294A00EDE250 /* AppSupport */,
				858A946424AAA32D00E7AE55 /* Info.plist */,
				85A3F1AD2722295A00EDE250 /* Model */,
				858A945E24AAA32D00E7AE55 /* Preview Content */,
				85A3F1AB2722292B00EDE250 /* Views */,
			);
			path = SplURL;
			sourceTree = "<group>";
		};
		858A945E24AAA32D00E7AE55 /* Preview Content */ = {
			isa = PBXGroup;
			children = (
				858A945F24AAA32D00E7AE55 /* Preview Assets.xcassets */,
			);
			path = "Preview Content";
			sourceTree = "<group>";
		};
		858A946F24AD6AA200E7AE55 /* OpenInAction */ = {
			isa = PBXGroup;
			children = (
				858A947624AD6AA200E7AE55 /* Info.plist */,
				858A947024AD6AA200E7AE55 /* Media.xcassets */,
				858A948124AD78C000E7AE55 /* ActionInterface.storyboard */,
				858A948924AD955C00E7AE55 /* HostController.swift */,
			);
			path = OpenInAction;
			sourceTree = "<group>";
		};
		85A3F1AB2722292B00EDE250 /* Views */ = {
			isa = PBXGroup;
			children = (
				858A948424AD7B4C00E7AE55 /* AboutView.swift */,
				858A945A24AAA32A00E7AE55 /* ContentView.swift */,
				858A948624AD7B8700E7AE55 /* SplURLContainerView.swift */,
				85A3F1A92722290B00EDE250 /* WelcomeView.swift */,
			);
			path = Views;
			sourceTree = "<group>";
		};
		85A3F1AC2722294A00EDE250 /* AppSupport */ = {
			isa = PBXGroup;
			children = (
				8511D9A224D6EF93007EBC49 /* AppIcon.xcassets */,
				858A945C24AAA32D00E7AE55 /* Assets.xcassets */,
				858A945624AAA32A00E7AE55 /* AppDelegate.swift */,
				858A946124AAA32D00E7AE55 /* LaunchScreen.storyboard */,
				858A945824AAA32A00E7AE55 /* SceneDelegate.swift */,
			);
			path = AppSupport;
			sourceTree = "<group>";
		};
		85A3F1AD2722295A00EDE250 /* Model */ = {
			isa = PBXGroup;
			children = (
				8511D9A624D6FE47007EBC49 /* Model.swift */,
				85A3F1A72722285800EDE250 /* WelcomeManager.swift */,
			);
			path = Model;
			sourceTree = "<group>";
		};
/* End PBXGroup section */

/* Begin PBXNativeTarget section */
		858A945224AAA32A00E7AE55 /* SplURL */ = {
			isa = PBXNativeTarget;
			buildConfigurationList = 858A946724AAA32D00E7AE55 /* Build configuration list for PBXNativeTarget "SplURL" */;
			buildPhases = (
				858A944F24AAA32A00E7AE55 /* Sources */,
				858A945024AAA32A00E7AE55 /* Frameworks */,
				858A945124AAA32A00E7AE55 /* Resources */,
				858A947D24AD6AA200E7AE55 /* Embed App Extensions */,
			);
			buildRules = (
			);
			dependencies = (
				858A947824AD6AA200E7AE55 /* PBXTargetDependency */,
			);
			name = SplURL;
			productName = SplURL;
			productReference = 858A945324AAA32A00E7AE55 /* SplURL.app */;
			productType = "com.apple.product-type.application";
		};
		858A946D24AD6AA200E7AE55 /* OpenInAction */ = {
			isa = PBXNativeTarget;
			buildConfigurationList = 858A947A24AD6AA200E7AE55 /* Build configuration list for PBXNativeTarget "OpenInAction" */;
			buildPhases = (
				858A946A24AD6AA200E7AE55 /* Sources */,
				858A946B24AD6AA200E7AE55 /* Frameworks */,
				858A946C24AD6AA200E7AE55 /* Resources */,
			);
			buildRules = (
			);
			dependencies = (
			);
			name = OpenInAction;
			productName = OpenInAction;
			productReference = 858A946E24AD6AA200E7AE55 /* OpenInAction.appex */;
			productType = "com.apple.product-type.app-extension";
		};
/* End PBXNativeTarget section */

/* Begin PBXProject section */
		858A944B24AAA32900E7AE55 /* Project object */ = {
			isa = PBXProject;
			attributes = {
				LastSwiftUpdateCheck = 1150;
				LastUpgradeCheck = 1300;
				ORGANIZATIONNAME = "Christopher Brind";
				TargetAttributes = {
					858A945224AAA32A00E7AE55 = {
						CreatedOnToolsVersion = 11.5;
					};
					858A946D24AD6AA200E7AE55 = {
						CreatedOnToolsVersion = 11.5;
					};
				};
			};
			buildConfigurationList = 858A944E24AAA32A00E7AE55 /* Build configuration list for PBXProject "SplURL" */;
			compatibilityVersion = "Xcode 9.3";
			developmentRegion = en;
			hasScannedForEncodings = 0;
			knownRegions = (
				en,
				Base,
			);
			mainGroup = 858A944A24AAA32900E7AE55;
			productRefGroup = 858A945424AAA32A00E7AE55 /* Products */;
			projectDirPath = "";
			projectRoot = "";
			targets = (
				858A945224AAA32A00E7AE55 /* SplURL */,
				858A946D24AD6AA200E7AE55 /* OpenInAction */,
			);
		};
/* End PBXProject section */

/* Begin PBXResourcesBuildPhase section */
		858A945124AAA32A00E7AE55 /* Resources */ = {
			isa = PBXResourcesBuildPhase;
			buildActionMask = 2147483647;
			files = (
				858A946324AAA32D00E7AE55 /* LaunchScreen.storyboard in Resources */,
				858A946024AAA32D00E7AE55 /* Preview Assets.xcassets in Resources */,
				8511D9A324D6EF93007EBC49 /* AppIcon.xcassets in Resources */,
				858A945D24AAA32D00E7AE55 /* Assets.xcassets in Resources */,
			);
			runOnlyForDeploymentPostprocessing = 0;
		};
		858A946C24AD6AA200E7AE55 /* Resources */ = {
			isa = PBXResourcesBuildPhase;
			buildActionMask = 2147483647;
			files = (
				858A948224AD78C000E7AE55 /* ActionInterface.storyboard in Resources */,
				858A947124AD6AA200E7AE55 /* Media.xcassets in Resources */,
			);
			runOnlyForDeploymentPostprocessing = 0;
		};
/* End PBXResourcesBuildPhase section */

/* Begin PBXSourcesBuildPhase section */
		858A944F24AAA32A00E7AE55 /* Sources */ = {
			isa = PBXSourcesBuildPhase;
			buildActionMask = 2147483647;
			files = (
				8511D9A724D6FE47007EBC49 /* Model.swift in Sources */,
				858A948524AD7B4C00E7AE55 /* AboutView.swift in Sources */,
				858A945724AAA32A00E7AE55 /* AppDelegate.swift in Sources */,
				85A3F1AA2722290B00EDE250 /* WelcomeView.swift in Sources */,
				858A948724AD7B8700E7AE55 /* SplURLContainerView.swift in Sources */,
				858A945924AAA32A00E7AE55 /* SceneDelegate.swift in Sources */,
				85A3F1A82722285800EDE250 /* WelcomeManager.swift in Sources */,
				858A945B24AAA32A00E7AE55 /* ContentView.swift in Sources */,
			);
			runOnlyForDeploymentPostprocessing = 0;
		};
		858A946A24AD6AA200E7AE55 /* Sources */ = {
			isa = PBXSourcesBuildPhase;
			buildActionMask = 2147483647;
			files = (
				85A3F1AF27222A1900EDE250 /* SplURLContainerView.swift in Sources */,
				8511D9A824D6FE5D007EBC49 /* Model.swift in Sources */,
				858A948A24AD955C00E7AE55 /* HostController.swift in Sources */,
				85A3F1AE2722296A00EDE250 /* WelcomeManager.swift in Sources */,
			);
			runOnlyForDeploymentPostprocessing = 0;
		};
/* End PBXSourcesBuildPhase section */

/* Begin PBXTargetDependency section */
		858A947824AD6AA200E7AE55 /* PBXTargetDependency */ = {
			isa = PBXTargetDependency;
			target = 858A946D24AD6AA200E7AE55 /* OpenInAction */;
			targetProxy = 858A947724AD6AA200E7AE55 /* PBXContainerItemProxy */;
		};
/* End PBXTargetDependency section */

/* Begin PBXVariantGroup section */
		858A946124AAA32D00E7AE55 /* LaunchScreen.storyboard */ = {
			isa = PBXVariantGroup;
			children = (
				858A946224AAA32D00E7AE55 /* Base */,
			);
			name = LaunchScreen.storyboard;
			sourceTree = "<group>";
		};
/* End PBXVariantGroup section */

/* Begin XCBuildConfiguration section */
		858A946524AAA32D00E7AE55 /* Debug */ = {
			isa = XCBuildConfiguration;
			buildSettings = {
				ALWAYS_SEARCH_USER_PATHS = NO;
				CLANG_ANALYZER_NONNULL = YES;
				CLANG_ANALYZER_NUMBER_OBJECT_CONVERSION = YES_AGGRESSIVE;
				CLANG_CXX_LANGUAGE_STANDARD = "gnu++14";
				CLANG_CXX_LIBRARY = "libc++";
				CLANG_ENABLE_MODULES = YES;
				CLANG_ENABLE_OBJC_ARC = YES;
				CLANG_ENABLE_OBJC_WEAK = YES;
				CLANG_WARN_BLOCK_CAPTURE_AUTORELEASING = YES;
				CLANG_WARN_BOOL_CONVERSION = YES;
				CLANG_WARN_COMMA = YES;
				CLANG_WARN_CONSTANT_CONVERSION = YES;
				CLANG_WARN_DEPRECATED_OBJC_IMPLEMENTATIONS = YES;
				CLANG_WARN_DIRECT_OBJC_ISA_USAGE = YES_ERROR;
				CLANG_WARN_DOCUMENTATION_COMMENTS = YES;
				CLANG_WARN_EMPTY_BODY = YES;
				CLANG_WARN_ENUM_CONVERSION = YES;
				CLANG_WARN_INFINITE_RECURSION = YES;
				CLANG_WARN_INT_CONVERSION = YES;
				CLANG_WARN_NON_LITERAL_NULL_CONVERSION = YES;
				CLANG_WARN_OBJC_IMPLICIT_RETAIN_SELF = YES;
				CLANG_WARN_OBJC_LITERAL_CONVERSION = YES;
				CLANG_WARN_OBJC_ROOT_CLASS = YES_ERROR;
				CLANG_WARN_QUOTED_INCLUDE_IN_FRAMEWORK_HEADER = YES;
				CLANG_WARN_RANGE_LOOP_ANALYSIS = YES;
				CLANG_WARN_STRICT_PROTOTYPES = YES;
				CLANG_WARN_SUSPICIOUS_MOVE = YES;
				CLANG_WARN_UNGUARDED_AVAILABILITY = YES_AGGRESSIVE;
				CLANG_WARN_UNREACHABLE_CODE = YES;
				CLANG_WARN__DUPLICATE_METHOD_MATCH = YES;
				COPY_PHASE_STRIP = NO;
				DEBUG_INFORMATION_FORMAT = dwarf;
				ENABLE_STRICT_OBJC_MSGSEND = YES;
				ENABLE_TESTABILITY = YES;
				GCC_C_LANGUAGE_STANDARD = gnu11;
				GCC_DYNAMIC_NO_PIC = NO;
				GCC_NO_COMMON_BLOCKS = YES;
				GCC_OPTIMIZATION_LEVEL = 0;
				GCC_PREPROCESSOR_DEFINITIONS = (
					"DEBUG=1",
					"$(inherited)",
				);
				GCC_WARN_64_TO_32_BIT_CONVERSION = YES;
				GCC_WARN_ABOUT_RETURN_TYPE = YES_ERROR;
				GCC_WARN_UNDECLARED_SELECTOR = YES;
				GCC_WARN_UNINITIALIZED_AUTOS = YES_AGGRESSIVE;
				GCC_WARN_UNUSED_FUNCTION = YES;
				GCC_WARN_UNUSED_VARIABLE = YES;
				IPHONEOS_DEPLOYMENT_TARGET = 14.0;
				MTL_ENABLE_DEBUG_INFO = INCLUDE_SOURCE;
				MTL_FAST_MATH = YES;
				ONLY_ACTIVE_ARCH = YES;
				SDKROOT = iphoneos;
				SWIFT_ACTIVE_COMPILATION_CONDITIONS = DEBUG;
				SWIFT_OPTIMIZATION_LEVEL = "-Onone";
			};
			name = Debug;
		};
		858A946624AAA32D00E7AE55 /* Release */ = {
			isa = XCBuildConfiguration;
			buildSettings = {
				ALWAYS_SEARCH_USER_PATHS = NO;
				CLANG_ANALYZER_NONNULL = YES;
				CLANG_ANALYZER_NUMBER_OBJECT_CONVERSION = YES_AGGRESSIVE;
				CLANG_CXX_LANGUAGE_STANDARD = "gnu++14";
				CLANG_CXX_LIBRARY = "libc++";
				CLANG_ENABLE_MODULES = YES;
				CLANG_ENABLE_OBJC_ARC = YES;
				CLANG_ENABLE_OBJC_WEAK = YES;
				CLANG_WARN_BLOCK_CAPTURE_AUTORELEASING = YES;
				CLANG_WARN_BOOL_CONVERSION = YES;
				CLANG_WARN_COMMA = YES;
				CLANG_WARN_CONSTANT_CONVERSION = YES;
				CLANG_WARN_DEPRECATED_OBJC_IMPLEMENTATIONS = YES;
				CLANG_WARN_DIRECT_OBJC_ISA_USAGE = YES_ERROR;
				CLANG_WARN_DOCUMENTATION_COMMENTS = YES;
				CLANG_WARN_EMPTY_BODY = YES;
				CLANG_WARN_ENUM_CONVERSION = YES;
				CLANG_WARN_INFINITE_RECURSION = YES;
				CLANG_WARN_INT_CONVERSION = YES;
				CLANG_WARN_NON_LITERAL_NULL_CONVERSION = YES;
				CLANG_WARN_OBJC_IMPLICIT_RETAIN_SELF = YES;
				CLANG_WARN_OBJC_LITERAL_CONVERSION = YES;
				CLANG_WARN_OBJC_ROOT_CLASS = YES_ERROR;
				CLANG_WARN_QUOTED_INCLUDE_IN_FRAMEWORK_HEADER = YES;
				CLANG_WARN_RANGE_LOOP_ANALYSIS = YES;
				CLANG_WARN_STRICT_PROTOTYPES = YES;
				CLANG_WARN_SUSPICIOUS_MOVE = YES;
				CLANG_WARN_UNGUARDED_AVAILABILITY = YES_AGGRESSIVE;
				CLANG_WARN_UNREACHABLE_CODE = YES;
				CLANG_WARN__DUPLICATE_METHOD_MATCH = YES;
				COPY_PHASE_STRIP = NO;
				DEBUG_INFORMATION_FORMAT = "dwarf-with-dsym";
				ENABLE_NS_ASSERTIONS = NO;
				ENABLE_STRICT_OBJC_MSGSEND = YES;
				GCC_C_LANGUAGE_STANDARD = gnu11;
				GCC_NO_COMMON_BLOCKS = YES;
				GCC_WARN_64_TO_32_BIT_CONVERSION = YES;
				GCC_WARN_ABOUT_RETURN_TYPE = YES_ERROR;
				GCC_WARN_UNDECLARED_SELECTOR = YES;
				GCC_WARN_UNINITIALIZED_AUTOS = YES_AGGRESSIVE;
				GCC_WARN_UNUSED_FUNCTION = YES;
				GCC_WARN_UNUSED_VARIABLE = YES;
				IPHONEOS_DEPLOYMENT_TARGET = 14.0;
				MTL_ENABLE_DEBUG_INFO = NO;
				MTL_FAST_MATH = YES;
				SDKROOT = iphoneos;
				SWIFT_COMPILATION_MODE = wholemodule;
				SWIFT_OPTIMIZATION_LEVEL = "-O";
				VALIDATE_PRODUCT = YES;
			};
			name = Release;
		};
		858A946824AAA32D00E7AE55 /* Debug */ = {
			isa = XCBuildConfiguration;
			buildSettings = {
				ALWAYS_EMBED_SWIFT_STANDARD_LIBRARIES = YES;
				ASSETCATALOG_COMPILER_APPICON_NAME = AppIcon;
				CODE_SIGN_STYLE = Automatic;
				DEVELOPMENT_ASSET_PATHS = "\"SplURL/Preview Content\"";
				DEVELOPMENT_TEAM = EVNNUL2F2G;
				ENABLE_PREVIEWS = YES;
				INFOPLIST_FILE = SplURL/Info.plist;
				LD_RUNPATH_SEARCH_PATHS = (
					"$(inherited)",
					"@executable_path/Frameworks",
				);
				PRODUCT_BUNDLE_IDENTIFIER = xyz.brindy.SplURL;
				PRODUCT_NAME = "$(TARGET_NAME)";
				SWIFT_VERSION = 5.0;
				TARGETED_DEVICE_FAMILY = "1,2";
			};
			name = Debug;
		};
		858A946924AAA32D00E7AE55 /* Release */ = {
			isa = XCBuildConfiguration;
			buildSettings = {
				ALWAYS_EMBED_SWIFT_STANDARD_LIBRARIES = YES;
				ASSETCATALOG_COMPILER_APPICON_NAME = AppIcon;
				CODE_SIGN_STYLE = Automatic;
				DEVELOPMENT_ASSET_PATHS = "\"SplURL/Preview Content\"";
				DEVELOPMENT_TEAM = EVNNUL2F2G;
				ENABLE_PREVIEWS = YES;
				INFOPLIST_FILE = SplURL/Info.plist;
				LD_RUNPATH_SEARCH_PATHS = (
					"$(inherited)",
					"@executable_path/Frameworks",
				);
				PRODUCT_BUNDLE_IDENTIFIER = xyz.brindy.SplURL;
				PRODUCT_NAME = "$(TARGET_NAME)";
				SWIFT_VERSION = 5.0;
				TARGETED_DEVICE_FAMILY = "1,2";
			};
			name = Release;
		};
		858A947B24AD6AA200E7AE55 /* Debug */ = {
			isa = XCBuildConfiguration;
			buildSettings = {
				ASSETCATALOG_COMPILER_APPICON_NAME = ActionIcons;
				CODE_SIGN_STYLE = Automatic;
				DEVELOPMENT_TEAM = EVNNUL2F2G;
				INFOPLIST_FILE = OpenInAction/Info.plist;
				LD_RUNPATH_SEARCH_PATHS = (
					"$(inherited)",
					"@executable_path/Frameworks",
					"@executable_path/../../Frameworks",
				);
				PRODUCT_BUNDLE_IDENTIFIER = xyz.brindy.SplURL.OpenInAction;
				PRODUCT_NAME = "$(TARGET_NAME)";
				SKIP_INSTALL = YES;
				SWIFT_VERSION = 5.0;
				TARGETED_DEVICE_FAMILY = "1,2";
			};
			name = Debug;
		};
		858A947C24AD6AA200E7AE55 /* Release */ = {
			isa = XCBuildConfiguration;
			buildSettings = {
				ASSETCATALOG_COMPILER_APPICON_NAME = ActionIcons;
				CODE_SIGN_STYLE = Automatic;
				DEVELOPMENT_TEAM = EVNNUL2F2G;
				INFOPLIST_FILE = OpenInAction/Info.plist;
				LD_RUNPATH_SEARCH_PATHS = (
					"$(inherited)",
					"@executable_path/Frameworks",
					"@executable_path/../../Frameworks",
				);
				PRODUCT_BUNDLE_IDENTIFIER = xyz.brindy.SplURL.OpenInAction;
				PRODUCT_NAME = "$(TARGET_NAME)";
				SKIP_INSTALL = YES;
				SWIFT_VERSION = 5.0;
				TARGETED_DEVICE_FAMILY = "1,2";
			};
			name = Release;
		};
/* End XCBuildConfiguration section */

/* Begin XCConfigurationList section */
		858A944E24AAA32A00E7AE55 /* Build configuration list for PBXProject "SplURL" */ = {
			isa = XCConfigurationList;
			buildConfigurations = (
				858A946524AAA32D00E7AE55 /* Debug */,
				858A946624AAA32D00E7AE55 /* Release */,
			);
			defaultConfigurationIsVisible = 0;
			defaultConfigurationName = Release;
		};
		858A946724AAA32D00E7AE55 /* Build configuration list for PBXNativeTarget "SplURL" */ = {
			isa = XCConfigurationList;
			buildConfigurations = (
				858A946824AAA32D00E7AE55 /* Debug */,
				858A946924AAA32D00E7AE55 /* Release */,
			);
			defaultConfigurationIsVisible = 0;
			defaultConfigurationName = Release;
		};
		858A947A24AD6AA200E7AE55 /* Build configuration list for PBXNativeTarget "OpenInAction" */ = {
			isa = XCConfigurationList;
			buildConfigurations = (
				858A947B24AD6AA200E7AE55 /* Debug */,
				858A947C24AD6AA200E7AE55 /* Release */,
			);
			defaultConfigurationIsVisible = 0;
			defaultConfigurationName = Release;
		};
/* End XCConfigurationList section */
	};
	rootObject = 858A944B24AAA32900E7AE55 /* Project object */;
}
